
Microsoft Visual Studio Solution File, Format Version 12.00
# Visual Studio Version 17
VisualStudioVersion = 17.2.32630.192
MinimumVisualStudioVersion = 10.0.40219.1
Project("{FAE04EC0-301F-11D3-BF4B-00C04F79EFBC}") = "DBStaticMenuPluginExample", "DBStaticMenuPluginExample\DBStaticMenuPluginExample.csproj", "{5CCB5C84-478D-4B90-BA00-C9934A378B24}"
EndProject
Project("{FAE04EC0-301F-11D3-BF4B-00C04F79EFBC}") = "DBDynamicMenuPluginExample", "DBDynamicMenuPluginExample\DBDynamicMenuPluginExample.csproj", "{06BA9368-27F2-45EC-9D90-18B6F2E84BD3}"
EndProject
Global
	GlobalSection(SolutionConfigurationPlatforms) = preSolution
		Debug|Any CPU = Debug|Any CPU
		Release|Any CPU = Release|Any CPU
	EndGlobalSection
	GlobalSection(ProjectConfigurationPlatforms) = postSolution
		{5CCB5C84-478D-4B90-BA00-C9934A378B24}.Debug|Any CPU.ActiveCfg = Debug|Any CPU
		{5CCB5C84-478D-4B90-BA00-C9934A378B24}.Debug|Any CPU.Build.0 = Debug|Any CPU
		{5CCB5C84-478D-4B90-BA00-C9934A378B24}.Release|Any CPU.ActiveCfg = Release|Any CPU
		{5CCB5C84-478D-4B90-BA00-C9934A378B24}.Release|Any CPU.Build.0 = Release|Any CPU
		{06BA9368-27F2-45EC-9D90-18B6F2E84BD3}.Debug|Any CPU.ActiveCfg = Debug|Any CPU
		{06BA9368-27F2-45EC-9D90-18B6F2E84BD3}.Debug|Any CPU.Build.0 = Debug|Any CPU
		{06BA9368-27F2-45EC-9D90-18B6F2E84BD3}.Release|Any CPU.ActiveCfg = Release|Any CPU
		{06BA9368-27F2-45EC-9D90-18B6F2E84BD3}.Release|Any CPU.Build.0 = Release|Any CPU
	EndGlobalSection
	GlobalSection(SolutionProperties) = preSolution
		HideSolutionNode = FALSE
	EndGlobalSection
	GlobalSection(ExtensibilityGlobals) = postSolution
		SolutionGuid = {EB736AB7-8E13-4B2F-9AD0-A5F006FCA5BA}
	EndGlobalSection
EndGlobal
